
Microsoft Visual Studio Solution File, Format Version 12.00
# Visual Studio Version 16
VisualStudioVersion = 16.0.29025.244
MinimumVisualStudioVersion = 10.0.40219.1
Project("{FAE04EC0-301F-11D3-BF4B-00C04F79EFBC}") = "LiteByteCapsule", "LiteByteCapsule.csproj", "{9AFA37AB-322E-4683-A965-E08F190A49B4}"
EndProject
Global
	GlobalSection(SolutionConfigurationPlatforms) = preSolution
		Debug|Any CPU = Debug|Any CPU
		Release|Any CPU = Release|Any CPU
	EndGlobalSection
	GlobalSection(ProjectConfigurationPlatforms) = postSolution
		{9AFA37AB-322E-4683-A965-E08F190A49B4}.Debug|Any CPU.ActiveCfg = Debug|Any CPU
		{9AFA37AB-322E-4683-A965-E08F190A49B4}.Debug|Any CPU.Build.0 = Debug|Any CPU
		{9AFA37AB-322E-4683-A965-E08F190A49B4}.Release|Any CPU.ActiveCfg = Release|Any CPU
		{9AFA37AB-322E-4683-A965-E08F190A49B4}.Release|Any CPU.Build.0 = Release|Any CPU
	EndGlobalSection
	GlobalSection(SolutionProperties) = preSolution
		HideSolutionNode = FALSE
	EndGlobalSection
	GlobalSection(ExtensibilityGlobals) = postSolution
		SolutionGuid = {CB725A41-0C18-4E4E-80E3-2ABC231403FE}
	EndGlobalSection
EndGlobal
