
Microsoft Visual Studio Solution File, Format Version 12.00
# Visual Studio Version 16
VisualStudioVersion = 16.0.29025.244
MinimumVisualStudioVersion = 10.0.40219.1
Project("{9A19103F-16F7-4668-BE54-9A1E7A4F7556}") = "LiteByteCapsule", "LiteByteCapsule\LiteByteCapsule.csproj", "{24910615-B424-47C4-BA92-18540A53C36D}"
EndProject
Project("{9A19103F-16F7-4668-BE54-9A1E7A4F7556}") = "XUnitTestNETCore1", "XUnitTestNETCore1\XUnitTestNETCore1.csproj", "{6D4A9F56-01DD-4AC2-AF5E-A3DD783DDE7E}"
EndProject
Global
	GlobalSection(SolutionConfigurationPlatforms) = preSolution
		Debug|Any CPU = Debug|Any CPU
		Release|Any CPU = Release|Any CPU
	EndGlobalSection
	GlobalSection(ProjectConfigurationPlatforms) = postSolution
		{24910615-B424-47C4-BA92-18540A53C36D}.Debug|Any CPU.ActiveCfg = Release|Any CPU
		{24910615-B424-47C4-BA92-18540A53C36D}.Debug|Any CPU.Build.0 = Release|Any CPU
		{24910615-B424-47C4-BA92-18540A53C36D}.Release|Any CPU.ActiveCfg = Release|Any CPU
		{24910615-B424-47C4-BA92-18540A53C36D}.Release|Any CPU.Build.0 = Release|Any CPU
		{6D4A9F56-01DD-4AC2-AF5E-A3DD783DDE7E}.Debug|Any CPU.ActiveCfg = Debug|Any CPU
		{6D4A9F56-01DD-4AC2-AF5E-A3DD783DDE7E}.Debug|Any CPU.Build.0 = Debug|Any CPU
		{6D4A9F56-01DD-4AC2-AF5E-A3DD783DDE7E}.Release|Any CPU.ActiveCfg = Release|Any CPU
		{6D4A9F56-01DD-4AC2-AF5E-A3DD783DDE7E}.Release|Any CPU.Build.0 = Release|Any CPU
	EndGlobalSection
	GlobalSection(SolutionProperties) = preSolution
		HideSolutionNode = FALSE
	EndGlobalSection
	GlobalSection(ExtensibilityGlobals) = postSolution
		SolutionGuid = {F7C94C4B-6297-4433-9F03-F84B55679A98}
	EndGlobalSection
EndGlobal
